
Microsoft Visual Studio Solution File, Format Version 10.00
# Visual Studio 2008
Project("{FAE04EC0-301F-11D3-BF4B-00C04F79EFBC}") = "TetrisGame", "TetrisGame\TetrisGame.csproj", "{FC5A6D76-F417-48F9-83F8-37E8DFE4951F}"
EndProject
Global
	GlobalSection(SolutionConfigurationPlatforms) = preSolution
		Debug|Any CPU = Debug|Any CPU
		Release|Any CPU = Release|Any CPU
	EndGlobalSection
	GlobalSection(ProjectConfigurationPlatforms) = postSolution
		{FC5A6D76-F417-48F9-83F8-37E8DFE4951F}.Debug|Any CPU.ActiveCfg = Debug|Any CPU
		{FC5A6D76-F417-48F9-83F8-37E8DFE4951F}.Debug|Any CPU.Build.0 = Debug|Any CPU
		{FC5A6D76-F417-48F9-83F8-37E8DFE4951F}.Release|Any CPU.ActiveCfg = Release|Any CPU
		{FC5A6D76-F417-48F9-83F8-37E8DFE4951F}.Release|Any CPU.Build.0 = Release|Any CPU
	EndGlobalSection
	GlobalSection(SolutionProperties) = preSolution
		HideSolutionNode = FALSE
	EndGlobalSection
EndGlobal
